<?xml version="1.0" encoding="utf-8"?>
<Project ToolsVersion="4.0" xmlns="http://schemas.microsoft.com/developer/msbuild/2003">
  <ItemGroup>
    <Filter Include="Source Files">
      <UniqueIdentifier>{4FC737F1-C7A5-4376-A066-2A32D752A2FF}</UniqueIdentifier>
      <Extensions>cpp;c;cc;cxx;c++;cppm;ixx;def;odl;idl;hpj;bat;asm;asmx</Extensions>
    </Filter>
    <Filter Include="Header Files">
      <UniqueIdentifier>{93995380-89BD-4b04-88EB-625FBE52EBFB}</UniqueIdentifier>
      <Extensions>h;hh;hpp;hxx;h++;hm;inl;inc;ipp;xsd</Extensions>
    </Filter>
    <Filter Include="Resource Files">
      <UniqueIdentifier>{67DA6AB6-F800-4c08-8B7A-83BB121AAD01}</UniqueIdentifier>
      <Extensions>rc;ico;cur;bmp;dlg;rc2;rct;bin;rgs;gif;jpg;jpeg;jpe;resx;tiff;tif;png;wav;mfcribbon-ms</Extensions>
    </Filter>
    <Filter Include="Header Files\Injection">
      <UniqueIdentifier>{812c57c8-a9b3-4f43-aaba-d451e2d35457}</UniqueIdentifier>
    </Filter>
    <Filter Include="Source Files\Injection">
      <UniqueIdentifier>{51e0ea58-5c55-4fa2-bd06-eab3b266f809}</UniqueIdentifier>
    </Filter>
    <Filter Include="Source Files\Helper">
      <UniqueIdentifier>{6c73de61-d07b-405c-a098-d3a37fc6249d}</UniqueIdentifier>
    </Filter>
    <Filter Include="Source Files\Evasion">
      <UniqueIdentifier>{c88de814-4eaf-467d-8d5b-78bbb7c065ec}</UniqueIdentifier>
    </Filter>
    <Filter Include="Source Files\Guardrails">
      <UniqueIdentifier>{b2346548-80de-4dbe-9442-d9a10a473a60}</UniqueIdentifier>
    </Filter>
    <Filter Include="Header Files\Guardrails">
      <UniqueIdentifier>{bc00c9cf-98ea-44d4-83d8-240647276e5f}</UniqueIdentifier>
    </Filter>
    <Filter Include="Header Files\Evasion">
      <UniqueIdentifier>{b16955fb-ed6c-4ef2-ad78-c423714748de}</UniqueIdentifier>
    </Filter>
    <Filter Include="Source Files\Evasion\SysWhispers3">
      <UniqueIdentifier>{28ef4234-a1d9-45e2-8587-b5b33cd8752d}</UniqueIdentifier>
    </Filter>
  </ItemGroup>
  <ItemGroup>
    <None Include="Makefile" />
  </ItemGroup>
  <ItemGroup>
    <ClInclude Include="include\config.hpp">
      <Filter>Header Files</Filter>
    </ClInclude>
    <ClInclude Include="include\loader.hpp">
      <Filter>Header Files</Filter>
    </ClInclude>
    <ClInclude Include="include\shellcode.hpp">
      <Filter>Header Files</Filter>
    </ClInclude>
    <ClInclude Include="include\injection\injection_createfiber.hpp">
      <Filter>Header Files\Injection</Filter>
    </ClInclude>
    <ClInclude Include="include\injection\injection_dispatch.hpp">
      <Filter>Header Files\Injection</Filter>
    </ClInclude>
    <ClInclude Include="include\injection\injection_earlycascade.hpp">
      <Filter>Header Files\Injection</Filter>
    </ClInclude>
    <ClInclude Include="include\injection\injection_ntmapviewofsection.hpp">
      <Filter>Header Files\Injection</Filter>
    </ClInclude>
    <ClInclude Include="include\injection\injection_ntqueueapcthread.hpp">
      <Filter>Header Files\Injection</Filter>
    </ClInclude>
    <ClInclude Include="include\injection\injection_poolparty.hpp">
      <Filter>Header Files\Injection</Filter>
    </ClInclude>
    <ClInclude Include="include\evasion\evasion.hpp">
      <Filter>Header Files\Evasion</Filter>
    </ClInclude>
    <ClInclude Include="include\evasion\syscalls.hpp">
      <Filter>Header Files\Evasion</Filter>
    </ClInclude>
    <ClInclude Include="include\guardrails\guardrails.hpp">
      <Filter>Header Files\Guardrails</Filter>
    </ClInclude>
    <ClInclude Include="include\evasion\callstack_spoof.hpp">
      <Filter>Header Files\Evasion</Filter>
    </ClInclude>
    <ClInclude Include="include\evasion\syscall_backend.hpp">
      <Filter>Header Files\Evasion</Filter>
    </ClInclude>
    <ClInclude Include="resource.h">
      <Filter>Resource Files</Filter>
    </ClInclude>
    <ClInclude Include="include\resource.h">
      <Filter>Resource Files</Filter>
    </ClInclude>
    <ClInclude Include="include\evasion\sw3\Syscalls.h">
      <Filter>Header Files\Evasion</Filter>
    </ClInclude>
    <ClInclude Include="include\evasion\sw3\SysWhispers.h">
      <Filter>Header Files\Evasion</Filter>
    </ClInclude>
  </ItemGroup>
  <ItemGroup>
    <ClCompile Include="src\main.cpp">
      <Filter>Source Files</Filter>
    </ClCompile>
    <ClCompile Include="src\injection\injection_createfiber.cpp">
      <Filter>Source Files\Injection</Filter>
    </ClCompile>
    <ClCompile Include="src\injection\injection_earlycascade.cpp">
      <Filter>Source Files\Injection</Filter>
    </ClCompile>
    <ClCompile Include="src\injection\injection_ntmapviewofsection.cpp">
      <Filter>Source Files\Injection</Filter>
    </ClCompile>
    <ClCompile Include="src\injection\injection_ntqueueapcthread.cpp">
      <Filter>Source Files\Injection</Filter>
    </ClCompile>
    <ClCompile Include="src\injection\injection_poolparty.cpp">
      <Filter>Source Files\Injection</Filter>
    </ClCompile>
    <ClCompile Include="src\helpers\api_hashing.cpp">
      <Filter>Source Files\Helper</Filter>
    </ClCompile>
    <ClCompile Include="src\helpers\compression_helpers.cpp">
      <Filter>Source Files\Helper</Filter>
    </ClCompile>
    <ClCompile Include="src\helpers\crypto_helpers.cpp">
      <Filter>Source Files\Helper</Filter>
    </ClCompile>
    <ClCompile Include="src\helpers\peb_helpers.cpp">
      <Filter>Source Files\Helper</Filter>
    </ClCompile>
    <ClCompile Include="src\helpers\process_helpers.cpp">
      <Filter>Source Files\Helper</Filter>
    </ClCompile>
    <ClCompile Include="src\evasion\ntdll_unhook.cpp">
      <Filter>Source Files\Evasion</Filter>
    </ClCompile>
    <ClCompile Include="src\evasion\syscalls.cpp">
      <Filter>Source Files\Evasion</Filter>
    </ClCompile>
    <ClCompile Include="src\evasion\evasion.cpp">
      <Filter>Source Files\Evasion</Filter>
    </ClCompile>
    <ClCompile Include="src\guardrails\guardrails.cpp">
      <Filter>Source Files\Guardrails</Filter>
    </ClCompile>
    <ClCompile Include="src\loader.cpp">
      <Filter>Source Files</Filter>
    </ClCompile>
    <ClCompile Include="src\evasion\callstack_spoof.cpp">
      <Filter>Source Files\Evasion</Filter>
    </ClCompile>
    <ClCompile Include="src\evasion\Syscalls.c">
      <Filter>Source Files\Evasion\SysWhispers3</Filter>
    </ClCompile>
    <ClCompile Include="src\evasion\sw3_backend.cpp">
      <Filter>Source Files\Evasion\SysWhispers3</Filter>
    </ClCompile>
  </ItemGroup>
  <ItemGroup>
    <MASM Include="src\evasion\callstack_spoof.asm">
      <Filter>Source Files\Evasion</Filter>
    </MASM>
    <MASM Include="src\evasion\Syscalls-asm.x64.asm">
      <Filter>Source Files\Evasion\SysWhispers3</Filter>
    </MASM>
    <MASM Include="src\evasion\Syscalls-asm.x86.asm">
      <Filter>Source Files\Evasion\SysWhispers3</Filter>
    </MASM>
  </ItemGroup>
</Project>